github.com/gorilla/websocket v1.5.3 h1:saDtZ6Pbx/0u+bgYQ3q96pZgCzfhKXGPqt7kZ72aNNg=
github.com/gorilla/websocket v1.5.3/go.mod h1:YR8l580nyteQvAITg2hZ9XVh4b55+EU/adAjf1fMHhE=
github.com/pion/ice/v4 v4.0.5 h1:6awVfa1jg9YsI9/Lep4TG/o3kwS1Oayr5b8xz50ibJ8=
github.com/pion/ice/v4 v4.0.5/go.mod h1:JJaoEIxUIlGDA9gaRZbwXYqI3j6VG/QchpjX+QmwN6A=
github.com/pion/webrtc/v4 v4.0.8 h1:T1ZmnT9qxIJIt4d8XoiMOBrTClGHDDXNg9e/fh018Qc=
github.com/pion/webrtc/v4 v4.0.8/go.mod h1:HHBeUVBAC+j4ZFnYhovEFStF02Arb1EyD4G7e7HBTJw=
